
Microsoft Visual Studio Solution File, Format Version 12.00
# Visual Studio Version 17
VisualStudioVersion = 17.4.33103.184
MinimumVisualStudioVersion = 10.0.40219.1
Project("{9A19103F-16F7-4668-BE54-9A1E7A4F7556}") = "VagabondK.Interface.Abstractions", "VagabondK.Interface.Abstractions\VagabondK.Interface.Abstractions.csproj", "{43CF6B9D-88CF-4907-BA0F-7152425862E3}"
EndProject
Project("{9A19103F-16F7-4668-BE54-9A1E7A4F7556}") = "VagabondK.Interface.Modbus", "VagabondK.Interface.Modbus\VagabondK.Interface.Modbus.csproj", "{60DEA48D-47B5-4007-8639-33D0AEDECC0C}"
EndProject
Project("{2150E333-8FDC-42A3-9474-1A3956D46DE8}") = "Samples", "Samples", "{2157B19E-96A9-42DA-B94C-419CAF736088}"
EndProject
Project("{2150E333-8FDC-42A3-9474-1A3956D46DE8}") = "Modbus", "Modbus", "{814CE81D-B876-4FEA-B509-B4CDFD4E7021}"
EndProject
Project("{FAE04EC0-301F-11D3-BF4B-00C04F79EFBC}") = "WpfModbusSlaveSample", "Samples\Modbus\WpfModbusSlaveSample\WpfModbusSlaveSample.csproj", "{E1E15ABE-4D0A-4748-9FF7-39C94232A5F9}"
EndProject
Project("{FAE04EC0-301F-11D3-BF4B-00C04F79EFBC}") = "WpfModbusMasterSample", "Samples\Modbus\WpfModbusMasterSample\WpfModbusMasterSample.csproj", "{E30D7B4D-D2C7-4559-90B0-5BA4E835FE2B}"
EndProject
Project("{9A19103F-16F7-4668-BE54-9A1E7A4F7556}") = "VagabondK.Interface.LSElectric", "VagabondK.Interface.LSElectric\VagabondK.Interface.LSElectric.csproj", "{57C28610-1103-434F-BC30-1582FF7A23A4}"
EndProject
Project("{2150E333-8FDC-42A3-9474-1A3956D46DE8}") = "LS ELECTRIC", "LS ELECTRIC", "{549B7153-2E9B-43EB-8AC4-0A454EAE09F1}"
EndProject
Project("{FAE04EC0-301F-11D3-BF4B-00C04F79EFBC}") = "SimpleReadSample", "Samples\LS ELECTRIC\SimpleReadSample\SimpleReadSample.csproj", "{3CB7AE10-848B-4825-82B2-969F215390B5}"
EndProject
Project("{FAE04EC0-301F-11D3-BF4B-00C04F79EFBC}") = "PropertyChangedWriteSample", "Samples\LS ELECTRIC\PropertyChangedWriteSample\PropertyChangedWriteSample.csproj", "{F5E43512-5F47-4E55-A2F7-705ADD2D62C9}"
EndProject
Project("{FAE04EC0-301F-11D3-BF4B-00C04F79EFBC}") = "PropertyChangingWriteSample", "Samples\LS ELECTRIC\PropertyChangingWriteSample\PropertyChangingWriteSample.csproj", "{FE48D773-DD33-48A4-8BF9-1DD1E157D456}"
EndProject
Project("{FAE04EC0-301F-11D3-BF4B-00C04F79EFBC}") = "NotifyPropertyChangeObjectSample", "Samples\LS ELECTRIC\NotifyPropertyChangeObjectSample\NotifyPropertyChangeObjectSample.csproj", "{F1B969F4-244C-4211-BD18-E50BC179C85F}"
EndProject
Project("{FAE04EC0-301F-11D3-BF4B-00C04F79EFBC}") = "WpfBindingSample", "Samples\LS ELECTRIC\WpfBindingSample\WpfBindingSample.csproj", "{7BEA4FA3-2295-451D-8529-3D392E28270C}"
EndProject
Project("{FAE04EC0-301F-11D3-BF4B-00C04F79EFBC}") = "SimpleReadSample", "Samples\Modbus\SimpleReadSample\SimpleReadSample.csproj", "{4D195AE4-0481-4CCA-9728-C76F7D7BAD49}"
EndProject
Project("{FAE04EC0-301F-11D3-BF4B-00C04F79EFBC}") = "PropertyChangedWriteSample", "Samples\Modbus\PropertyChangedWriteSample\PropertyChangedWriteSample.csproj", "{914E59A6-511C-4453-893E-A6FF4CFB9A10}"
EndProject
Project("{FAE04EC0-301F-11D3-BF4B-00C04F79EFBC}") = "PropertyChangingWriteSample", "Samples\Modbus\PropertyChangingWriteSample\PropertyChangingWriteSample.csproj", "{199DEFC8-7EAB-4A31-8B20-AD12108B8F46}"
EndProject
Project("{FAE04EC0-301F-11D3-BF4B-00C04F79EFBC}") = "NotifyPropertyChangeObjectSample", "Samples\Modbus\NotifyPropertyChangeObjectSample\NotifyPropertyChangeObjectSample.csproj", "{AC919071-2BB1-41D3-A818-F52F8B32A1B2}"
EndProject
Global
	GlobalSection(SolutionConfigurationPlatforms) = preSolution
		Debug|Any CPU = Debug|Any CPU
		Release|Any CPU = Release|Any CPU
	EndGlobalSection
	GlobalSection(ProjectConfigurationPlatforms) = postSolution
		{43CF6B9D-88CF-4907-BA0F-7152425862E3}.Debug|Any CPU.ActiveCfg = Debug|Any CPU
		{43CF6B9D-88CF-4907-BA0F-7152425862E3}.Debug|Any CPU.Build.0 = Debug|Any CPU
		{43CF6B9D-88CF-4907-BA0F-7152425862E3}.Release|Any CPU.ActiveCfg = Release|Any CPU
		{43CF6B9D-88CF-4907-BA0F-7152425862E3}.Release|Any CPU.Build.0 = Release|Any CPU
		{60DEA48D-47B5-4007-8639-33D0AEDECC0C}.Debug|Any CPU.ActiveCfg = Debug|Any CPU
		{60DEA48D-47B5-4007-8639-33D0AEDECC0C}.Debug|Any CPU.Build.0 = Debug|Any CPU
		{60DEA48D-47B5-4007-8639-33D0AEDECC0C}.Release|Any CPU.ActiveCfg = Release|Any CPU
		{60DEA48D-47B5-4007-8639-33D0AEDECC0C}.Release|Any CPU.Build.0 = Release|Any CPU
		{E1E15ABE-4D0A-4748-9FF7-39C94232A5F9}.Debug|Any CPU.ActiveCfg = Debug|Any CPU
		{E1E15ABE-4D0A-4748-9FF7-39C94232A5F9}.Debug|Any CPU.Build.0 = Debug|Any CPU
		{E1E15ABE-4D0A-4748-9FF7-39C94232A5F9}.Release|Any CPU.ActiveCfg = Release|Any CPU
		{E1E15ABE-4D0A-4748-9FF7-39C94232A5F9}.Release|Any CPU.Build.0 = Release|Any CPU
		{E30D7B4D-D2C7-4559-90B0-5BA4E835FE2B}.Debug|Any CPU.ActiveCfg = Debug|Any CPU
		{E30D7B4D-D2C7-4559-90B0-5BA4E835FE2B}.Debug|Any CPU.Build.0 = Debug|Any CPU
		{E30D7B4D-D2C7-4559-90B0-5BA4E835FE2B}.Release|Any CPU.ActiveCfg = Release|Any CPU
		{E30D7B4D-D2C7-4559-90B0-5BA4E835FE2B}.Release|Any CPU.Build.0 = Release|Any CPU
		{57C28610-1103-434F-BC30-1582FF7A23A4}.Debug|Any CPU.ActiveCfg = Debug|Any CPU
		{57C28610-1103-434F-BC30-1582FF7A23A4}.Debug|Any CPU.Build.0 = Debug|Any CPU
		{57C28610-1103-434F-BC30-1582FF7A23A4}.Release|Any CPU.ActiveCfg = Release|Any CPU
		{57C28610-1103-434F-BC30-1582FF7A23A4}.Release|Any CPU.Build.0 = Release|Any CPU
		{3CB7AE10-848B-4825-82B2-969F215390B5}.Debug|Any CPU.ActiveCfg = Debug|Any CPU
		{3CB7AE10-848B-4825-82B2-969F215390B5}.Debug|Any CPU.Build.0 = Debug|Any CPU
		{3CB7AE10-848B-4825-82B2-969F215390B5}.Release|Any CPU.ActiveCfg = Release|Any CPU
		{3CB7AE10-848B-4825-82B2-969F215390B5}.Release|Any CPU.Build.0 = Release|Any CPU
		{F5E43512-5F47-4E55-A2F7-705ADD2D62C9}.Debug|Any CPU.ActiveCfg = Debug|Any CPU
		{F5E43512-5F47-4E55-A2F7-705ADD2D62C9}.Debug|Any CPU.Build.0 = Debug|Any CPU
		{F5E43512-5F47-4E55-A2F7-705ADD2D62C9}.Release|Any CPU.ActiveCfg = Release|Any CPU
		{F5E43512-5F47-4E55-A2F7-705ADD2D62C9}.Release|Any CPU.Build.0 = Release|Any CPU
		{FE48D773-DD33-48A4-8BF9-1DD1E157D456}.Debug|Any CPU.ActiveCfg = Debug|Any CPU
		{FE48D773-DD33-48A4-8BF9-1DD1E157D456}.Debug|Any CPU.Build.0 = Debug|Any CPU
		{FE48D773-DD33-48A4-8BF9-1DD1E157D456}.Release|Any CPU.ActiveCfg = Release|Any CPU
		{FE48D773-DD33-48A4-8BF9-1DD1E157D456}.Release|Any CPU.Build.0 = Release|Any CPU
		{F1B969F4-244C-4211-BD18-E50BC179C85F}.Debug|Any CPU.ActiveCfg = Debug|Any CPU
		{F1B969F4-244C-4211-BD18-E50BC179C85F}.Debug|Any CPU.Build.0 = Debug|Any CPU
		{F1B969F4-244C-4211-BD18-E50BC179C85F}.Release|Any CPU.ActiveCfg = Release|Any CPU
		{F1B969F4-244C-4211-BD18-E50BC179C85F}.Release|Any CPU.Build.0 = Release|Any CPU
		{7BEA4FA3-2295-451D-8529-3D392E28270C}.Debug|Any CPU.ActiveCfg = Debug|Any CPU
		{7BEA4FA3-2295-451D-8529-3D392E28270C}.Debug|Any CPU.Build.0 = Debug|Any CPU
		{7BEA4FA3-2295-451D-8529-3D392E28270C}.Release|Any CPU.ActiveCfg = Release|Any CPU
		{7BEA4FA3-2295-451D-8529-3D392E28270C}.Release|Any CPU.Build.0 = Release|Any CPU
		{4D195AE4-0481-4CCA-9728-C76F7D7BAD49}.Debug|Any CPU.ActiveCfg = Debug|Any CPU
		{4D195AE4-0481-4CCA-9728-C76F7D7BAD49}.Debug|Any CPU.Build.0 = Debug|Any CPU
		{4D195AE4-0481-4CCA-9728-C76F7D7BAD49}.Release|Any CPU.ActiveCfg = Release|Any CPU
		{4D195AE4-0481-4CCA-9728-C76F7D7BAD49}.Release|Any CPU.Build.0 = Release|Any CPU
		{914E59A6-511C-4453-893E-A6FF4CFB9A10}.Debug|Any CPU.ActiveCfg = Debug|Any CPU
		{914E59A6-511C-4453-893E-A6FF4CFB9A10}.Debug|Any CPU.Build.0 = Debug|Any CPU
		{914E59A6-511C-4453-893E-A6FF4CFB9A10}.Release|Any CPU.ActiveCfg = Release|Any CPU
		{914E59A6-511C-4453-893E-A6FF4CFB9A10}.Release|Any CPU.Build.0 = Release|Any CPU
		{199DEFC8-7EAB-4A31-8B20-AD12108B8F46}.Debug|Any CPU.ActiveCfg = Debug|Any CPU
		{199DEFC8-7EAB-4A31-8B20-AD12108B8F46}.Debug|Any CPU.Build.0 = Debug|Any CPU
		{199DEFC8-7EAB-4A31-8B20-AD12108B8F46}.Release|Any CPU.ActiveCfg = Release|Any CPU
		{199DEFC8-7EAB-4A31-8B20-AD12108B8F46}.Release|Any CPU.Build.0 = Release|Any CPU
		{AC919071-2BB1-41D3-A818-F52F8B32A1B2}.Debug|Any CPU.ActiveCfg = Debug|Any CPU
		{AC919071-2BB1-41D3-A818-F52F8B32A1B2}.Debug|Any CPU.Build.0 = Debug|Any CPU
		{AC919071-2BB1-41D3-A818-F52F8B32A1B2}.Release|Any CPU.ActiveCfg = Release|Any CPU
		{AC919071-2BB1-41D3-A818-F52F8B32A1B2}.Release|Any CPU.Build.0 = Release|Any CPU
	EndGlobalSection
	GlobalSection(SolutionProperties) = preSolution
		HideSolutionNode = FALSE
	EndGlobalSection
	GlobalSection(NestedProjects) = preSolution
		{814CE81D-B876-4FEA-B509-B4CDFD4E7021} = {2157B19E-96A9-42DA-B94C-419CAF736088}
		{E1E15ABE-4D0A-4748-9FF7-39C94232A5F9} = {814CE81D-B876-4FEA-B509-B4CDFD4E7021}
		{E30D7B4D-D2C7-4559-90B0-5BA4E835FE2B} = {814CE81D-B876-4FEA-B509-B4CDFD4E7021}
		{549B7153-2E9B-43EB-8AC4-0A454EAE09F1} = {2157B19E-96A9-42DA-B94C-419CAF736088}
		{3CB7AE10-848B-4825-82B2-969F215390B5} = {549B7153-2E9B-43EB-8AC4-0A454EAE09F1}
		{F5E43512-5F47-4E55-A2F7-705ADD2D62C9} = {549B7153-2E9B-43EB-8AC4-0A454EAE09F1}
		{FE48D773-DD33-48A4-8BF9-1DD1E157D456} = {549B7153-2E9B-43EB-8AC4-0A454EAE09F1}
		{F1B969F4-244C-4211-BD18-E50BC179C85F} = {549B7153-2E9B-43EB-8AC4-0A454EAE09F1}
		{7BEA4FA3-2295-451D-8529-3D392E28270C} = {549B7153-2E9B-43EB-8AC4-0A454EAE09F1}
		{4D195AE4-0481-4CCA-9728-C76F7D7BAD49} = {814CE81D-B876-4FEA-B509-B4CDFD4E7021}
		{914E59A6-511C-4453-893E-A6FF4CFB9A10} = {814CE81D-B876-4FEA-B509-B4CDFD4E7021}
		{199DEFC8-7EAB-4A31-8B20-AD12108B8F46} = {814CE81D-B876-4FEA-B509-B4CDFD4E7021}
		{AC919071-2BB1-41D3-A818-F52F8B32A1B2} = {814CE81D-B876-4FEA-B509-B4CDFD4E7021}
	EndGlobalSection
	GlobalSection(ExtensibilityGlobals) = postSolution
		SolutionGuid = {C4A198F4-6474-4F77-A906-0B50A8F7838D}
	EndGlobalSection
EndGlobal
